
Microsoft Visual Studio Solution File, Format Version 12.00
# Visual Studio Version 17
VisualStudioVersion = 17.6.33801.468
MinimumVisualStudioVersion = 10.0.40219.1
Project("{FAE04EC0-301F-11D3-BF4B-00C04F79EFBC}") = "ProjectSecond_RoomChatting", "ProjectSecond_RoomChatting\ProjectSecond_RoomChatting.csproj", "{9AD3BA4C-2A0B-4B42-A79B-16485CD25617}"
EndProject
Project("{FAE04EC0-301F-11D3-BF4B-00C04F79EFBC}") = "DataServices", "DataServices\DataServices.csproj", "{1F24D4C2-C5BD-40C6-80A0-02D428E56F60}"
EndProject
Project("{FAE04EC0-301F-11D3-BF4B-00C04F79EFBC}") = "Services", "Services\Services.csproj", "{2DBB8074-BECD-4509-B0F8-12962B4B9797}"
EndProject
Project("{FAE04EC0-301F-11D3-BF4B-00C04F79EFBC}") = "Utilities", "Utilities\Utilities.csproj", "{6781B185-B1C9-4705-9BEB-1C18A4928740}"
EndProject
Project("{FAE04EC0-301F-11D3-BF4B-00C04F79EFBC}") = "ViewModels", "ViewModels\ViewModels.csproj", "{79C57954-3D6F-4D4D-82CB-2C9C15EC3EE3}"
EndProject
Global
	GlobalSection(SolutionConfigurationPlatforms) = preSolution
		Debug|Any CPU = Debug|Any CPU
		Release|Any CPU = Release|Any CPU
	EndGlobalSection
	GlobalSection(ProjectConfigurationPlatforms) = postSolution
		{9AD3BA4C-2A0B-4B42-A79B-16485CD25617}.Debug|Any CPU.ActiveCfg = Debug|Any CPU
		{9AD3BA4C-2A0B-4B42-A79B-16485CD25617}.Debug|Any CPU.Build.0 = Debug|Any CPU
		{9AD3BA4C-2A0B-4B42-A79B-16485CD25617}.Release|Any CPU.ActiveCfg = Release|Any CPU
		{9AD3BA4C-2A0B-4B42-A79B-16485CD25617}.Release|Any CPU.Build.0 = Release|Any CPU
		{1F24D4C2-C5BD-40C6-80A0-02D428E56F60}.Debug|Any CPU.ActiveCfg = Debug|Any CPU
		{1F24D4C2-C5BD-40C6-80A0-02D428E56F60}.Debug|Any CPU.Build.0 = Debug|Any CPU
		{1F24D4C2-C5BD-40C6-80A0-02D428E56F60}.Release|Any CPU.ActiveCfg = Release|Any CPU
		{1F24D4C2-C5BD-40C6-80A0-02D428E56F60}.Release|Any CPU.Build.0 = Release|Any CPU
		{2DBB8074-BECD-4509-B0F8-12962B4B9797}.Debug|Any CPU.ActiveCfg = Debug|Any CPU
		{2DBB8074-BECD-4509-B0F8-12962B4B9797}.Debug|Any CPU.Build.0 = Debug|Any CPU
		{2DBB8074-BECD-4509-B0F8-12962B4B9797}.Release|Any CPU.ActiveCfg = Release|Any CPU
		{2DBB8074-BECD-4509-B0F8-12962B4B9797}.Release|Any CPU.Build.0 = Release|Any CPU
		{6781B185-B1C9-4705-9BEB-1C18A4928740}.Debug|Any CPU.ActiveCfg = Debug|Any CPU
		{6781B185-B1C9-4705-9BEB-1C18A4928740}.Debug|Any CPU.Build.0 = Debug|Any CPU
		{6781B185-B1C9-4705-9BEB-1C18A4928740}.Release|Any CPU.ActiveCfg = Release|Any CPU
		{6781B185-B1C9-4705-9BEB-1C18A4928740}.Release|Any CPU.Build.0 = Release|Any CPU
		{79C57954-3D6F-4D4D-82CB-2C9C15EC3EE3}.Debug|Any CPU.ActiveCfg = Debug|Any CPU
		{79C57954-3D6F-4D4D-82CB-2C9C15EC3EE3}.Debug|Any CPU.Build.0 = Debug|Any CPU
		{79C57954-3D6F-4D4D-82CB-2C9C15EC3EE3}.Release|Any CPU.ActiveCfg = Release|Any CPU
		{79C57954-3D6F-4D4D-82CB-2C9C15EC3EE3}.Release|Any CPU.Build.0 = Release|Any CPU
	EndGlobalSection
	GlobalSection(SolutionProperties) = preSolution
		HideSolutionNode = FALSE
	EndGlobalSection
	GlobalSection(ExtensibilityGlobals) = postSolution
		SolutionGuid = {48D5B399-FFFA-4743-9847-2CE309845B37}
	EndGlobalSection
EndGlobal
